
Microsoft Visual Studio Solution File, Format Version 12.00
# Visual Studio Version 17
VisualStudioVersion = 17.13.35825.156
MinimumVisualStudioVersion = 10.0.40219.1
Project("{FAE04EC0-301F-11D3-BF4B-00C04F79EFBC}") = "GestionCollectes", "GestionCollectes.csproj", "{C2460255-464F-4238-9B07-C73F58A1F034}"
EndProject
Project("{FAE04EC0-301F-11D3-BF4B-00C04F79EFBC}") = "Tests.Unit", "Tests.Unit\Tests.Unit.csproj", "{6577837D-6B31-476A-8142-1ED4E91DAA43}"
EndProject
Global
	GlobalSection(SolutionConfigurationPlatforms) = preSolution
		Debug|Any CPU = Debug|Any CPU
		Debug|x64 = Debug|x64
		Debug|x86 = Debug|x86
		Release|Any CPU = Release|Any CPU
		Release|x64 = Release|x64
		Release|x86 = Release|x86
	EndGlobalSection
	GlobalSection(ProjectConfigurationPlatforms) = postSolution
		{C2460255-464F-4238-9B07-C73F58A1F034}.Debug|Any CPU.ActiveCfg = Debug|Any CPU
		{C2460255-464F-4238-9B07-C73F58A1F034}.Debug|Any CPU.Build.0 = Debug|Any CPU
		{C2460255-464F-4238-9B07-C73F58A1F034}.Debug|x64.ActiveCfg = Debug|Any CPU
		{C2460255-464F-4238-9B07-C73F58A1F034}.Debug|x64.Build.0 = Debug|Any CPU
		{C2460255-464F-4238-9B07-C73F58A1F034}.Debug|x86.ActiveCfg = Debug|Any CPU
		{C2460255-464F-4238-9B07-C73F58A1F034}.Debug|x86.Build.0 = Debug|Any CPU
		{C2460255-464F-4238-9B07-C73F58A1F034}.Release|Any CPU.ActiveCfg = Release|Any CPU
		{C2460255-464F-4238-9B07-C73F58A1F034}.Release|Any CPU.Build.0 = Release|Any CPU
		{C2460255-464F-4238-9B07-C73F58A1F034}.Release|x64.ActiveCfg = Release|Any CPU
		{C2460255-464F-4238-9B07-C73F58A1F034}.Release|x64.Build.0 = Release|Any CPU
		{C2460255-464F-4238-9B07-C73F58A1F034}.Release|x86.ActiveCfg = Release|Any CPU
		{C2460255-464F-4238-9B07-C73F58A1F034}.Release|x86.Build.0 = Release|Any CPU
		{6577837D-6B31-476A-8142-1ED4E91DAA43}.Debug|Any CPU.ActiveCfg = Debug|Any CPU
		{6577837D-6B31-476A-8142-1ED4E91DAA43}.Debug|Any CPU.Build.0 = Debug|Any CPU
		{6577837D-6B31-476A-8142-1ED4E91DAA43}.Debug|x64.ActiveCfg = Debug|Any CPU
		{6577837D-6B31-476A-8142-1ED4E91DAA43}.Debug|x64.Build.0 = Debug|Any CPU
		{6577837D-6B31-476A-8142-1ED4E91DAA43}.Debug|x86.ActiveCfg = Debug|Any CPU
		{6577837D-6B31-476A-8142-1ED4E91DAA43}.Debug|x86.Build.0 = Debug|Any CPU
		{6577837D-6B31-476A-8142-1ED4E91DAA43}.Release|Any CPU.ActiveCfg = Release|Any CPU
		{6577837D-6B31-476A-8142-1ED4E91DAA43}.Release|Any CPU.Build.0 = Release|Any CPU
		{6577837D-6B31-476A-8142-1ED4E91DAA43}.Release|x64.ActiveCfg = Release|Any CPU
		{6577837D-6B31-476A-8142-1ED4E91DAA43}.Release|x64.Build.0 = Release|Any CPU
		{6577837D-6B31-476A-8142-1ED4E91DAA43}.Release|x86.ActiveCfg = Release|Any CPU
		{6577837D-6B31-476A-8142-1ED4E91DAA43}.Release|x86.Build.0 = Release|Any CPU
	EndGlobalSection
	GlobalSection(SolutionProperties) = preSolution
		HideSolutionNode = FALSE
	EndGlobalSection
	GlobalSection(ExtensibilityGlobals) = postSolution
		SolutionGuid = {51D9103E-C207-48B2-B4C7-8BA761E38496}
	EndGlobalSection
EndGlobal
